
Microsoft Visual Studio Solution File, Format Version 12.00
# Visual Studio 17
VisualStudioVersion = 17.0.31919.166
MinimumVisualStudioVersion = 10.0.40219.1
Project("{8BC9CEB8-8B4A-11D0-8D11-00A0C91BC942}") = "xmlwrapp", "xmlwrapp.vcxproj", "{27D0067A-8534-56E2-A734-799F4A6CE894}"
EndProject
Project("{8BC9CEB8-8B4A-11D0-8D11-00A0C91BC942}") = "xsltwrapp", "xsltwrapp.vcxproj", "{30E912D3-2B6D-5358-81F3-7CF96781F735}"
	ProjectSection(ProjectDependencies) = postProject
		{27D0067A-8534-56E2-A734-799F4A6CE894} = {27D0067A-8534-56E2-A734-799F4A6CE894}
	EndProjectSection
EndProject
Project("{8BC9CEB8-8B4A-11D0-8D11-00A0C91BC942}") = "test", "test.vcxproj", "{C824FD57-A9D0-5288-9677-F80D927BC942}"
	ProjectSection(ProjectDependencies) = postProject
		{27D0067A-8534-56E2-A734-799F4A6CE894} = {27D0067A-8534-56E2-A734-799F4A6CE894}
		{30E912D3-2B6D-5358-81F3-7CF96781F735} = {30E912D3-2B6D-5358-81F3-7CF96781F735}
	EndProjectSection
EndProject
Global
	GlobalSection(SolutionConfigurationPlatforms) = preSolution
		Debug|Win32 = Debug|Win32
		Debug|x64 = Debug|x64
		Release|Win32 = Release|Win32
		Release|x64 = Release|x64
	EndGlobalSection
	GlobalSection(ProjectConfigurationPlatforms) = postSolution
		{27D0067A-8534-56E2-A734-799F4A6CE894}.Debug|Win32.ActiveCfg = Debug|Win32
		{27D0067A-8534-56E2-A734-799F4A6CE894}.Debug|Win32.Build.0 = Debug|Win32
		{27D0067A-8534-56E2-A734-799F4A6CE894}.Debug|x64.ActiveCfg = Debug|x64
		{27D0067A-8534-56E2-A734-799F4A6CE894}.Debug|x64.Build.0 = Debug|x64
		{27D0067A-8534-56E2-A734-799F4A6CE894}.Release|Win32.ActiveCfg = Release|Win32
		{27D0067A-8534-56E2-A734-799F4A6CE894}.Release|Win32.Build.0 = Release|Win32
		{27D0067A-8534-56E2-A734-799F4A6CE894}.Release|x64.ActiveCfg = Release|x64
		{27D0067A-8534-56E2-A734-799F4A6CE894}.Release|x64.Build.0 = Release|x64
		{30E912D3-2B6D-5358-81F3-7CF96781F735}.Debug|Win32.ActiveCfg = Debug|Win32
		{30E912D3-2B6D-5358-81F3-7CF96781F735}.Debug|Win32.Build.0 = Debug|Win32
		{30E912D3-2B6D-5358-81F3-7CF96781F735}.Debug|x64.ActiveCfg = Debug|x64
		{30E912D3-2B6D-5358-81F3-7CF96781F735}.Debug|x64.Build.0 = Debug|x64
		{30E912D3-2B6D-5358-81F3-7CF96781F735}.Release|Win32.ActiveCfg = Release|Win32
		{30E912D3-2B6D-5358-81F3-7CF96781F735}.Release|Win32.Build.0 = Release|Win32
		{30E912D3-2B6D-5358-81F3-7CF96781F735}.Release|x64.ActiveCfg = Release|x64
		{30E912D3-2B6D-5358-81F3-7CF96781F735}.Release|x64.Build.0 = Release|x64
		{C824FD57-A9D0-5288-9677-F80D927BC942}.Debug|Win32.ActiveCfg = Debug|Win32
		{C824FD57-A9D0-5288-9677-F80D927BC942}.Debug|Win32.Build.0 = Debug|Win32
		{C824FD57-A9D0-5288-9677-F80D927BC942}.Debug|x64.ActiveCfg = Debug|x64
		{C824FD57-A9D0-5288-9677-F80D927BC942}.Debug|x64.Build.0 = Debug|x64
		{C824FD57-A9D0-5288-9677-F80D927BC942}.Release|Win32.ActiveCfg = Release|Win32
		{C824FD57-A9D0-5288-9677-F80D927BC942}.Release|Win32.Build.0 = Release|Win32
		{C824FD57-A9D0-5288-9677-F80D927BC942}.Release|x64.ActiveCfg = Release|x64
		{C824FD57-A9D0-5288-9677-F80D927BC942}.Release|x64.Build.0 = Release|x64
	EndGlobalSection
	GlobalSection(SolutionProperties) = preSolution
		HideSolutionNode = FALSE
	EndGlobalSection
EndGlobal
